// !$*UTF8*$!
{
	archiveVersion = 1;
	classes = {
	};
	objectVersion = 56;
	objects = {

/* Begin PBXBuildFile section */
		'3089F9DB0001' = {isa = PBXBuildFile; fileRef = 3089F9DB1001; };
		'3089F9DB0002' = {isa = PBXBuildFile; fileRef = 3089F9DB1002; };
		'3089F9DB0003' = {isa = PBXBuildFile; fileRef = 3089F9DB1003; };
		'3089F9DB0004' = {isa = PBXBuildFile; fileRef = 3089F9DB1004; };
		'3089F9DB0005' = {isa = PBXBuildFile; fileRef = 3089F9DB1005; };
		'3089F9DB0006' = {isa = PBXBuildFile; fileRef = 3089F9DB1006; };
		'3089F9DB0007' = {isa = PBXBuildFile; fileRef = 3089F9DB1007; };
		'3089F9DB0008' = {isa = PBXBuildFile; fileRef = 3089F9DB1013; };
		'3089F9DB0009' = {isa = PBXBuildFile; fileRef = 3089F9DB1014; };
		'3089F9DB0010' = {isa = PBXBuildFile; fileRef = 3089F9DB1015; };
		'3089F9DB0011' = {isa = PBXBuildFile; fileRef = 3089F9DB1016; };
		'3089F9DB0012' = {isa = PBXBuildFile; fileRef = 3089F9DB1017; };
		'3089F9DB0013' = {isa = PBXBuildFile; fileRef = 3089F9DB1018; };
		'3089F9DB0014' = {isa = PBXBuildFile; fileRef = 3089F9DB1019; };
		'3089F9DB0015' = {isa = PBXBuildFile; fileRef = 3089F9DB1020; };
		'3089F9DB0016' = {isa = PBXBuildFile; fileRef = 3089F9DB1021; };
		'3089F9DB0017' = {isa = PBXBuildFile; fileRef = 3089F9DB1022; };
		'3089F9DB0018' = {isa = PBXBuildFile; fileRef = 3089F9DB1023; };
		'3089F9DB0019' = {isa = PBXBuildFile; fileRef = 3089F9DB1024; };
		'3089F9DB0020' = {isa = PBXBuildFile; fileRef = 3089F9DB1025; };
		'3089F9DB0021' = {isa = PBXBuildFile; fileRef = 3089F9DB1026; };
		'3089F9DB0022' = {isa = PBXBuildFile; fileRef = 3089F9DB1027; };
		'3089F9DB0023' = {isa = PBXBuildFile; fileRef = 3089F9DB1028; };
		'3089F9DB0024' = {isa = PBXBuildFile; fileRef = 3089F9DB1029; };
		'3089F9DB0025' = {isa = PBXBuildFile; fileRef = 3089F9DB1030; };
		'3089F9DB0026' = {isa = PBXBuildFile; fileRef = 3089F9DB1031; };
		'3089F9DB0027' = {isa = PBXBuildFile; fileRef = 3089F9DB1032; };
		'3089F9DB0028' = {isa = PBXBuildFile; fileRef = 3089F9DB1033; };
		'3089F9DB0029' = {isa = PBXBuildFile; fileRef = 3089F9DB1034; };
		'3089F9DB0030' = {isa = PBXBuildFile; fileRef = 3089F9DB1040; };
		'3089F9DB0031' = {isa = PBXBuildFile; fileRef = 3089F9DB1041; };
		'3089F9DB0032' = {isa = PBXBuildFile; fileRef = 3089F9DB1042; };
		'3089F9DB0033' = {isa = PBXBuildFile; fileRef = 3089F9DB1043; };
		'3089F9DB0034' = {isa = PBXBuildFile; fileRef = 3089F9DB1044; };
		'3089F9DB0035' = {isa = PBXBuildFile; fileRef = 3089F9DB1045; };
		'3089F9DB0036' = {isa = PBXBuildFile; fileRef = 3089F9DB1046; };
		'3089F9DB0037' = {isa = PBXBuildFile; fileRef = 3089F9DB1047; };
		'3089F9DB0038' = {isa = PBXBuildFile; fileRef = 3089F9DB1048; };
		'3089F9DB0039' = {isa = PBXBuildFile; fileRef = 3089F9DB1049; };
		'3089F9DB003A' = {isa = PBXBuildFile; fileRef = 3089F9DB1050; };
		'3089F9DB003B' = {isa = PBXBuildFile; fileRef = 3089F9DB1051; };
		'3089F9DB003C' = {isa = PBXBuildFile; fileRef = 3089F9DB1052; };
		'3089F9DB003D' = {isa = PBXBuildFile; fileRef = 3089F9DB1053; };
		'3089F9DB003E' = {isa = PBXBuildFile; fileRef = 3089F9DB1054; };
		'3089F9DB003F' = {isa = PBXBuildFile; fileRef = 3089F9DB1055; };
		'3089F9DB0040' = {isa = PBXBuildFile; fileRef = 3089F9DB1056; };
		'3089F9DB0041' = {isa = PBXBuildFile; fileRef = 3089F9DB1057; };
		'3089F9DB0042' = {isa = PBXBuildFile; fileRef = 3089F9DB1058; };
		'3089F9DB0043' = {isa = PBXBuildFile; fileRef = 3089F9DB1059; };
		'3089F9DB0044' = {isa = PBXBuildFile; fileRef = 3089F9DB1060; };
		4ACD4DC8A3C7953EECB9CFF5 /* AppEnvironment.swift in Sources */ = {isa = PBXBuildFile; fileRef = D9A44E098094F0E08456FEE9 /* AppEnvironment.swift */; };
		'3089F9DB0045' = {isa = PBXBuildFile; fileRef = 3089F9DB1061; };
		'3089F9DB0046' = {isa = PBXBuildFile; fileRef = 3089F9DB1062; };
		'3089F9DB0047' = {isa = PBXBuildFile; fileRef = 3089F9DB1063; };
		'3089F9DB0048' = {isa = PBXBuildFile; fileRef = 3089F9DB1064; };
		'3089F9DB0049' = {isa = PBXBuildFile; fileRef = 3089F9DB1065; };
		'3089F9DB004A' = {isa = PBXBuildFile; fileRef = 3089F9DB1066; };
		'3089F9DB004B' = {isa = PBXBuildFile; fileRef = 3089F9DB1067; };
		'3089F9DB004C' = {isa = PBXBuildFile; fileRef = 3089F9DB1068; };
		'3089F9DB004D' = {isa = PBXBuildFile; fileRef = 3089F9DB1069; };
		'3089F9DB004E' = {isa = PBXBuildFile; fileRef = 3089F9DB1070; };
		'3089F9DB004F' = {isa = PBXBuildFile; fileRef = 3089F9DB1071; };
		'3089F9DB0050' = {isa = PBXBuildFile; fileRef = 3089F9DB1072; };
		'3089F9DB0051' = {isa = PBXBuildFile; fileRef = 3089F9DB1073; };
		'3089F9DB0052' = {isa = PBXBuildFile; fileRef = 3089F9DB1074; };
		'3089F9DB0053' = {isa = PBXBuildFile; fileRef = 3089F9DB1075; };
		'3089F9DB0054' = {isa = PBXBuildFile; fileRef = 3089F9DB1076; };
		'3089F9DB0055' = {isa = PBXBuildFile; fileRef = 3089F9DB1077; };
		'3089F9DB0056' = {isa = PBXBuildFile; fileRef = 3089F9DB1078; };
		'3089F9DB0057' = {isa = PBXBuildFile; fileRef = 3089F9DB1079; };
		'3089F9DB0058' = {isa = PBXBuildFile; fileRef = 3089F9DB1080; };
		'3089F9DB0059' = {isa = PBXBuildFile; fileRef = 3089F9DB1081; };
		'3089F9DB005A' = {isa = PBXBuildFile; fileRef = 3089F9DB1082; };
		'3089F9DB005B' = {isa = PBXBuildFile; fileRef = 3089F9DB1083; };
		'3089F9DB005C' = {isa = PBXBuildFile; fileRef = 3089F9DB1084; };
		'3089F9DB005D' = {isa = PBXBuildFile; fileRef = 3089F9DB1085; };
		'3089F9DB005E' = {isa = PBXBuildFile; fileRef = 3089F9DB1086; };
		'3089F9DB005F' = {isa = PBXBuildFile; fileRef = 3089F9DB1087; };
		'3089F9DB0060' = {isa = PBXBuildFile; fileRef = 3089F9DB1088; };
		'3089F9DB0061' = {isa = PBXBuildFile; fileRef = 3089F9DB1089; };
		'3089F9DB0062' = {isa = PBXBuildFile; fileRef = 3089F9DB1090; };
		'3089F9DB0063' = {isa = PBXBuildFile; fileRef = 3089F9DB1091; };
		'3089F9DB0064' = {isa = PBXBuildFile; fileRef = 3089F9DB1092; };
		'3089F9DB0065' = {isa = PBXBuildFile; fileRef = 3089F9DB1093; };
		'3089F9DB0066' = {isa = PBXBuildFile; fileRef = 3089F9DB1094; };
		'3089F9DB0067' = {isa = PBXBuildFile; fileRef = 3089F9DB1095; };
		'3089F9DB0068' = {isa = PBXBuildFile; fileRef = 3089F9DB1096; };
/* End PBXBuildFile section */

/* Begin PBXContainerItemProxy section */
		'3089F9DB2001' = {
			isa = PBXContainerItemProxy;
			containerPortal = 3089F9DB0000;
			proxyType = 1;
			remoteGlobalIDString = 3089F9DB3001;
			remoteInfo = Rial;
		};
		'3089F9DB2002' = {
			isa = PBXContainerItemProxy;
			containerPortal = 3089F9DB0000;
			proxyType = 1;
			remoteGlobalIDString = 3089F9DB3001;
			remoteInfo = Rial;
		};
/* End PBXContainerItemProxy section */

/* Begin PBXFileReference section */
		'3089F9DB1001' = {isa = PBXFileReference; lastKnownFileType = sourcecode.swift; path = RialApp.swift; sourceTree = "<group>"; };
		'3089F9DB1002' = {isa = PBXFileReference; lastKnownFileType = sourcecode.swift; path = AppDelegate.swift; sourceTree = "<group>"; };
		'3089F9DB1003' = {isa = PBXFileReference; lastKnownFileType = sourcecode.swift; path = ContentView.swift; sourceTree = "<group>"; };
		'3089F9DB1004' = {isa = PBXFileReference; lastKnownFileType = folder.assetcatalog; path = Assets.xcassets; sourceTree = "<group>"; };
		'3089F9DB1005' = {isa = PBXFileReference; lastKnownFileType = sourcecode.swift; path = RialTests.swift; sourceTree = "<group>"; };
		'3089F9DB1006' = {isa = PBXFileReference; lastKnownFileType = sourcecode.swift; path = RialUITests.swift; sourceTree = "<group>"; };
		'3089F9DB1007' = {isa = PBXFileReference; lastKnownFileType = sourcecode.swift; path = RialUITestsLaunchTests.swift; sourceTree = "<group>"; };
		'3089F9DB1008' = {isa = PBXFileReference; explicitFileType = wrapper.application; includeInIndex = 0; path = Rial.app; sourceTree = BUILT_PRODUCTS_DIR; };
		'3089F9DB1009' = {isa = PBXFileReference; explicitFileType = wrapper.cfbundle; includeInIndex = 0; path = RialTests.xctest; sourceTree = BUILT_PRODUCTS_DIR; };
		'3089F9DB1010' = {isa = PBXFileReference; explicitFileType = wrapper.cfbundle; includeInIndex = 0; path = RialUITests.xctest; sourceTree = BUILT_PRODUCTS_DIR; };
		'3089F9DB1011' = {isa = PBXFileReference; lastKnownFileType = text.plist.entitlements; path = Rial.entitlements; sourceTree = "<group>"; };
		'3089F9DB1012' = {isa = PBXFileReference; lastKnownFileType = text.plist.xml; path = Info.plist; sourceTree = "<group>"; };
		'3089F9DB1013' = {isa = PBXFileReference; lastKnownFileType = sourcecode.swift; path = CryptoService.swift; sourceTree = "<group>"; };
		'3089F9DB1014' = {isa = PBXFileReference; lastKnownFileType = sourcecode.swift; path = CryptoServiceTests.swift; sourceTree = "<group>"; };
		'3089F9DB1015' = {isa = PBXFileReference; lastKnownFileType = sourcecode.swift; path = KeychainService.swift; sourceTree = "<group>"; };
		'3089F9DB1016' = {isa = PBXFileReference; lastKnownFileType = sourcecode.swift; path = KeychainServiceTests.swift; sourceTree = "<group>"; };
		'3089F9DB1017' = {isa = PBXFileReference; lastKnownFileType = sourcecode.swift; path = DeviceAttestationService.swift; sourceTree = "<group>"; };
		'3089F9DB1018' = {isa = PBXFileReference; lastKnownFileType = sourcecode.swift; path = DeviceAttestationServiceTests.swift; sourceTree = "<group>"; };
		'3089F9DB1019' = {isa = PBXFileReference; lastKnownFileType = sourcecode.swift; path = ARCaptureSession.swift; sourceTree = "<group>"; };
		'3089F9DB1020' = {isa = PBXFileReference; lastKnownFileType = sourcecode.swift; path = ARCaptureSessionTests.swift; sourceTree = "<group>"; };
		'3089F9DB1021' = {isa = PBXFileReference; lastKnownFileType = sourcecode.swift; path = CaptureData.swift; sourceTree = "<group>"; };
		'3089F9DB1022' = {isa = PBXFileReference; lastKnownFileType = sourcecode.swift; path = FrameProcessor.swift; sourceTree = "<group>"; };
		'3089F9DB1023' = {isa = PBXFileReference; lastKnownFileType = sourcecode.swift; path = FrameProcessorTests.swift; sourceTree = "<group>"; };
		'3089F9DB1024' = {isa = PBXFileReference; lastKnownFileType = sourcecode.metal; path = DepthVisualization.metal; sourceTree = "<group>"; };
		'3089F9DB1025' = {isa = PBXFileReference; lastKnownFileType = sourcecode.swift; path = DepthVisualizer.swift; sourceTree = "<group>"; };
		'3089F9DB1026' = {isa = PBXFileReference; lastKnownFileType = sourcecode.swift; path = DepthOverlayView.swift; sourceTree = "<group>"; };
		'3089F9DB1027' = {isa = PBXFileReference; lastKnownFileType = sourcecode.swift; path = DepthVisualizerTests.swift; sourceTree = "<group>"; };
		'3089F9DB1028' = {isa = PBXFileReference; lastKnownFileType = sourcecode.swift; path = CaptureAssertionService.swift; sourceTree = "<group>"; };
		'3089F9DB1029' = {isa = PBXFileReference; lastKnownFileType = sourcecode.swift; path = CaptureAssertionServiceTests.swift; sourceTree = "<group>"; };
		'3089F9DB1030' = {isa = PBXFileReference; lastKnownFileType = sourcecode.swift; path = CaptureStore.swift; sourceTree = "<group>"; };
		'3089F9DB1031' = {isa = PBXFileReference; lastKnownFileType = sourcecode.swift; path = OfflineQueue.swift; sourceTree = "<group>"; };
		'3089F9DB1032' = {isa = PBXFileReference; lastKnownFileType = sourcecode.swift; path = CaptureStoreTests.swift; sourceTree = "<group>"; };
		'3089F9DB1033' = {isa = PBXFileReference; lastKnownFileType = sourcecode.swift; path = CaptureEncryption.swift; sourceTree = "<group>"; };
		'3089F9DB1034' = {isa = PBXFileReference; lastKnownFileType = sourcecode.swift; path = CaptureEncryptionTests.swift; sourceTree = "<group>"; };
		'3089F9DB1040' = {isa = PBXFileReference; lastKnownFileType = sourcecode.swift; path = APIClient.swift; sourceTree = "<group>"; };
		'3089F9DB1041' = {isa = PBXFileReference; lastKnownFileType = sourcecode.swift; path = DeviceSignature.swift; sourceTree = "<group>"; };
		'3089F9DB1042' = {isa = PBXFileReference; lastKnownFileType = sourcecode.swift; path = UploadService.swift; sourceTree = "<group>"; };
		'3089F9DB1043' = {isa = PBXFileReference; lastKnownFileType = sourcecode.swift; path = UploadServiceTests.swift; sourceTree = "<group>"; };
		'3089F9DB1044' = {isa = PBXFileReference; lastKnownFileType = sourcecode.swift; path = CertificatePinning.swift; sourceTree = "<group>"; };
		'3089F9DB1045' = {isa = PBXFileReference; lastKnownFileType = sourcecode.swift; path = RetryManager.swift; sourceTree = "<group>"; };
		'3089F9DB1046' = {isa = PBXFileReference; lastKnownFileType = sourcecode.swift; path = NetworkMonitor.swift; sourceTree = "<group>"; };
		'3089F9DB1047' = {isa = PBXFileReference; lastKnownFileType = sourcecode.swift; path = RetryManagerTests.swift; sourceTree = "<group>"; };
		'3089F9DB1048' = {isa = PBXFileReference; lastKnownFileType = sourcecode.swift; path = ARViewContainer.swift; sourceTree = "<group>"; };
		'3089F9DB1049' = {isa = PBXFileReference; lastKnownFileType = sourcecode.swift; path = CaptureButton.swift; sourceTree = "<group>"; };
		'3089F9DB1050' = {isa = PBXFileReference; lastKnownFileType = sourcecode.swift; path = CaptureViewModel.swift; sourceTree = "<group>"; };
		'3089F9DB1051' = {isa = PBXFileReference; lastKnownFileType = sourcecode.swift; path = CaptureView.swift; sourceTree = "<group>"; };
		'3089F9DB1052' = {isa = PBXFileReference; lastKnownFileType = sourcecode.swift; path = HistoryView.swift; sourceTree = "<group>"; };
		'3089F9DB1053' = {isa = PBXFileReference; lastKnownFileType = sourcecode.swift; path = HistoryViewModel.swift; sourceTree = "<group>"; };
		'3089F9DB1054' = {isa = PBXFileReference; lastKnownFileType = sourcecode.swift; path = CaptureThumbnailView.swift; sourceTree = "<group>"; };
		'3089F9DB1055' = {isa = PBXFileReference; lastKnownFileType = sourcecode.swift; path = EmptyHistoryView.swift; sourceTree = "<group>"; };
		'3089F9DB1056' = {isa = PBXFileReference; lastKnownFileType = sourcecode.swift; path = ResultDetailView.swift; sourceTree = "<group>"; };
		'3089F9DB1057' = {isa = PBXFileReference; lastKnownFileType = sourcecode.swift; path = ConfidenceBadge.swift; sourceTree = "<group>"; };
		'3089F9DB1058' = {isa = PBXFileReference; lastKnownFileType = sourcecode.swift; path = EvidenceSummaryView.swift; sourceTree = "<group>"; };
		'3089F9DB1059' = {isa = PBXFileReference; lastKnownFileType = sourcecode.swift; path = ZoomableImageView.swift; sourceTree = "<group>"; };
		'3089F9DB1060' = {isa = PBXFileReference; lastKnownFileType = sourcecode.swift; path = FeatureParityTests.swift; sourceTree = "<group>"; };
		'3089F9DB1061' = {isa = PBXFileReference; lastKnownFileType = sourcecode.swift; path = VideoRecordingSession.swift; sourceTree = "<group>"; };
		'3089F9DB1062' = {isa = PBXFileReference; lastKnownFileType = sourcecode.swift; path = VideoRecordingSessionTests.swift; sourceTree = "<group>"; };
		'3089F9DB1063' = {isa = PBXFileReference; lastKnownFileType = sourcecode.swift; path = DepthKeyframeBuffer.swift; sourceTree = "<group>"; };
		'3089F9DB1064' = {isa = PBXFileReference; lastKnownFileType = sourcecode.swift; path = DepthKeyframeBufferTests.swift; sourceTree = "<group>"; };
		'3089F9DB1065' = {isa = PBXFileReference; lastKnownFileType = sourcecode.metal; path = EdgeDepthVisualization.metal; sourceTree = "<group>"; };
		'3089F9DB1066' = {isa = PBXFileReference; lastKnownFileType = sourcecode.swift; path = EdgeDepthVisualizer.swift; sourceTree = "<group>"; };
		'3089F9DB1067' = {isa = PBXFileReference; lastKnownFileType = sourcecode.swift; path = EdgeDepthOverlayView.swift; sourceTree = "<group>"; };
		'3089F9DB1068' = {isa = PBXFileReference; lastKnownFileType = sourcecode.swift; path = EdgeDepthVisualizerTests.swift; sourceTree = "<group>"; };
		'3089F9DB1069' = {isa = PBXFileReference; lastKnownFileType = sourcecode.swift; path = HashChainService.swift; sourceTree = "<group>"; };
		'3089F9DB1070' = {isa = PBXFileReference; lastKnownFileType = sourcecode.swift; path = HashChainServiceTests.swift; sourceTree = "<group>"; };
		'3089F9DB1071' = {isa = PBXFileReference; lastKnownFileType = sourcecode.swift; path = VideoAttestationService.swift; sourceTree = "<group>"; };
		'3089F9DB1072' = {isa = PBXFileReference; lastKnownFileType = sourcecode.swift; path = PartialVideoBadge.swift; sourceTree = "<group>"; };
		'3089F9DB1073' = {isa = PBXFileReference; lastKnownFileType = sourcecode.swift; path = VideoAttestationServiceTests.swift; sourceTree = "<group>"; };
		'3089F9DB1074' = {isa = PBXFileReference; lastKnownFileType = sourcecode.swift; path = VideoMetadata.swift; sourceTree = "<group>"; };
		'3089F9DB1075' = {isa = PBXFileReference; lastKnownFileType = sourcecode.swift; path = VideoMetadataCollector.swift; sourceTree = "<group>"; };
		'3089F9DB1076' = {isa = PBXFileReference; lastKnownFileType = sourcecode.swift; path = VideoMetadataCollectorTests.swift; sourceTree = "<group>"; };
		'3089F9DB1077' = {isa = PBXFileReference; lastKnownFileType = sourcecode.swift; path = ProcessedVideoCapture.swift; sourceTree = "<group>"; };
		'3089F9DB1078' = {isa = PBXFileReference; lastKnownFileType = sourcecode.swift; path = VideoProcessingPipeline.swift; sourceTree = "<group>"; };
		'3089F9DB1079' = {isa = PBXFileReference; lastKnownFileType = sourcecode.swift; path = VideoProcessingPipelineTests.swift; sourceTree = "<group>"; };
		'3089F9DB1080' = {isa = PBXFileReference; lastKnownFileType = sourcecode.swift; path = VideoUploadService.swift; sourceTree = "<group>"; };
		'3089F9DB1081' = {isa = PBXFileReference; lastKnownFileType = sourcecode.swift; path = VideoCaptureEntity.swift; sourceTree = "<group>"; };
		'3089F9DB1082' = {isa = PBXFileReference; lastKnownFileType = sourcecode.swift; path = ModeSelector.swift; sourceTree = "<group>"; };
		'3089F9DB1083' = {isa = PBXFileReference; lastKnownFileType = sourcecode.swift; path = VideoPreviewSheet.swift; sourceTree = "<group>"; };
		'3089F9DB1084' = {isa = PBXFileReference; lastKnownFileType = sourcecode.swift; path = UploadProgressView.swift; sourceTree = "<group>"; };
		'3089F9DB1085' = {isa = PBXFileReference; lastKnownFileType = sourcecode.swift; path = RecordingProgressBar.swift; sourceTree = "<group>"; };
		'3089F9DB1086' = {isa = PBXFileReference; lastKnownFileType = sourcecode.swift; path = CaptureModeTests.swift; sourceTree = "<group>"; };
		D9A44E098094F0E08456FEE9 /* AppEnvironment.swift */ = {isa = PBXFileReference; lastKnownFileType = sourcecode.swift; name = AppEnvironment.swift; path = Rial/Core/Configuration/AppEnvironment.swift; sourceTree = SOURCE_ROOT; };
		'3089F9DB1087' = {isa = PBXFileReference; lastKnownFileType = sourcecode.swift; path = DepthAnalysisService.swift; sourceTree = "<group>"; };
		'3089F9DB1088' = {isa = PBXFileReference; lastKnownFileType = sourcecode.swift; path = DepthAnalysisResult.swift; sourceTree = "<group>"; };
		'3089F9DB1089' = {isa = PBXFileReference; lastKnownFileType = sourcecode.swift; path = DepthAnalysisServiceTests.swift; sourceTree = "<group>"; };
		'3089F9DB1090' = {isa = PBXFileReference; lastKnownFileType = sourcecode.swift; path = PrivacySettings.swift; sourceTree = "<group>"; };
		'3089F9DB1091' = {isa = PBXFileReference; lastKnownFileType = sourcecode.swift; path = PrivacySettingsManager.swift; sourceTree = "<group>"; };
		'3089F9DB1092' = {isa = PBXFileReference; lastKnownFileType = sourcecode.swift; path = PrivacySettingsView.swift; sourceTree = "<group>"; };
		'3089F9DB1093' = {isa = PBXFileReference; lastKnownFileType = sourcecode.swift; path = LearnMorePrivacyView.swift; sourceTree = "<group>"; };
		'3089F9DB1094' = {isa = PBXFileReference; lastKnownFileType = sourcecode.swift; path = PrivacyModeIndicator.swift; sourceTree = "<group>"; };
		'3089F9DB1095' = {isa = PBXFileReference; lastKnownFileType = sourcecode.swift; path = PrivacySettingsTests.swift; sourceTree = "<group>"; };
		'3089F9DB1096' = {isa = PBXFileReference; lastKnownFileType = sourcecode.swift; path = PrivacySettingsManagerTests.swift; sourceTree = "<group>"; };
/* End PBXFileReference section */

/* Begin PBXFrameworksBuildPhase section */
		'3089F9DB4001' = {
			isa = PBXFrameworksBuildPhase;
			buildActionMask = 2147483647;
			files = (
			);
			runOnlyForDeploymentPostprocessing = 0;
		};
		'3089F9DB4002' = {
			isa = PBXFrameworksBuildPhase;
			buildActionMask = 2147483647;
			files = (
			);
			runOnlyForDeploymentPostprocessing = 0;
		};
		'3089F9DB4003' = {
			isa = PBXFrameworksBuildPhase;
			buildActionMask = 2147483647;
			files = (
			);
			runOnlyForDeploymentPostprocessing = 0;
		};
/* End PBXFrameworksBuildPhase section */

/* Begin PBXGroup section */
		'3089F9DB5000' = {
			isa = PBXGroup;
			children = (
				3089F9DB5001,
				3089F9DB5009,
				3089F9DB5010,
				3089F9DB5020,
				D9A44E098094F0E08456FEE9 /* AppEnvironment.swift */,
			);
			sourceTree = "<group>";
		};
		'3089F9DB5001' = {
			isa = PBXGroup;
			children = (
				3089F9DB5002,
				3089F9DB5003,
				3089F9DB5004,
				3089F9DB5005,
				3089F9DB5006,
				3089F9DB5007,
				3089F9DB1011,
				3089F9DB1012,
			);
			path = Rial;
			sourceTree = "<group>";
		};
		'3089F9DB5002' = {
			isa = PBXGroup;
			children = (
				3089F9DB1001,
				3089F9DB1002,
				3089F9DB1003,
			);
			path = App;
			sourceTree = "<group>";
		};
		'3089F9DB5003' = {
			isa = PBXGroup;
			children = (
				3089F9DB5030,
				3089F9DB5031,
				'3089F9DB5035',
				3089F9DB5032,
				3089F9DB5033,
				3089F9DB5034,
			);
			path = Core;
			sourceTree = "<group>";
		};
		'3089F9DB5035' = {
			isa = PBXGroup;
			children = (
				'3089F9DB1091',
			);
			path = Configuration;
			sourceTree = "<group>";
		};
		'3089F9DB5004' = {
			isa = PBXGroup;
			children = (
				3089F9DB5040,
				3089F9DB5041,
				3089F9DB5042,
				3089F9DB5043,
				'3089F9DB5044',
			);
			path = Features;
			sourceTree = "<group>";
		};
		'3089F9DB5044' = {
			isa = PBXGroup;
			children = (
				'3089F9DB1092',
				'3089F9DB1093',
			);
			path = Settings;
			sourceTree = "<group>";
		};
		'3089F9DB5005' = {
			isa = PBXGroup;
			children = (
				3089F9DB1021,
				'3089F9DB1088',
				3089F9DB1077,
				3089F9DB1074,
				'3089F9DB1090',
			);
			path = Models;
			sourceTree = "<group>";
		};
		'3089F9DB5006' = {
			isa = PBXGroup;
			children = (
				3089F9DB1024,
				3089F9DB1065,
			);
			path = Shaders;
			sourceTree = "<group>";
		};
		'3089F9DB5007' = {
			isa = PBXGroup;
			children = (
				3089F9DB1004,
			);
			path = Resources;
			sourceTree = "<group>";
		};
		'3089F9DB5009' = {
			isa = PBXGroup;
			children = (
				3089F9DB5052,
				3089F9DB5053,
				'3089F9DB5055',
				'3089F9DB5056',
				3089F9DB5054,
				3089F9DB5051,
				3089F9DB5050,
				3089F9DB1005,
			);
			path = RialTests;
			sourceTree = "<group>";
		};
		'3089F9DB5055' = {
			isa = PBXGroup;
			children = (
				'3089F9DB1096',
			);
			path = Configuration;
			sourceTree = "<group>";
		};
		'3089F9DB5056' = {
			isa = PBXGroup;
			children = (
				'3089F9DB1095',
			);
			path = Models;
			sourceTree = "<group>";
		};
		'3089F9DB5010' = {
			isa = PBXGroup;
			children = (
				3089F9DB1060,
				3089F9DB1006,
				3089F9DB1007,
			);
			path = RialUITests;
			sourceTree = "<group>";
		};
		'3089F9DB5020' = {
			isa = PBXGroup;
			children = (
				3089F9DB1008,
				3089F9DB1009,
				3089F9DB1010,
			);
			name = Products;
			sourceTree = "<group>";
		};
		'3089F9DB5030' = {
			isa = PBXGroup;
			children = (
				3089F9DB1028,
				3089F9DB1017,
				3089F9DB1071,
			);
			path = Attestation;
			sourceTree = "<group>";
		};
		'3089F9DB5031' = {
			isa = PBXGroup;
			children = (
				3089F9DB1019,
				'3089F9DB1087',
				3089F9DB1063,
				3089F9DB1066,
				3089F9DB1022,
				3089F9DB1025,
				3089F9DB1075,
				3089F9DB1078,
				3089F9DB1061,
			);
			path = Capture;
			sourceTree = "<group>";
		};
		'3089F9DB5032' = {
			isa = PBXGroup;
			children = (
				3089F9DB1013,
				3089F9DB1069,
			);
			path = Crypto;
			sourceTree = "<group>";
		};
		'3089F9DB5033' = {
			isa = PBXGroup;
			children = (
				3089F9DB1040,
				3089F9DB1044,
				3089F9DB1041,
				3089F9DB1046,
				3089F9DB1045,
				3089F9DB1042,
				3089F9DB1080,
			);
			path = Networking;
			sourceTree = "<group>";
		};
		'3089F9DB5034' = {
			isa = PBXGroup;
			children = (
				3089F9DB1033,
				3089F9DB1030,
				3089F9DB1015,
				3089F9DB1031,
				3089F9DB1081,
			);
			path = Storage;
			sourceTree = "<group>";
		};
		'3089F9DB5040' = {
			isa = PBXGroup;
			children = (
				3089F9DB1048,
				3089F9DB1049,
				3089F9DB1051,
				3089F9DB1050,
				3089F9DB1026,
				3089F9DB1067,
				3089F9DB1082,
				3089F9DB1083,
				3089F9DB1084,
				3089F9DB1085,
				'3089F9DB1094',
			);
			path = Capture;
			sourceTree = "<group>";
		};
		'3089F9DB5041' = {
			isa = PBXGroup;
			children = (
			);
			path = Preview;
			sourceTree = "<group>";
		};
		'3089F9DB5042' = {
			isa = PBXGroup;
			children = (
				3089F9DB1054,
				3089F9DB1055,
				3089F9DB1052,
				3089F9DB1053,
			);
			path = History;
			sourceTree = "<group>";
		};
		'3089F9DB5043' = {
			isa = PBXGroup;
			children = (
				3089F9DB1057,
				3089F9DB1058,
				3089F9DB1072,
				3089F9DB1056,
				3089F9DB1059,
			);
			path = Result;
			sourceTree = "<group>";
		};
		'3089F9DB5050' = {
			isa = PBXGroup;
			children = (
				3089F9DB1014,
				3089F9DB1070,
			);
			path = Crypto;
			sourceTree = "<group>";
		};
		'3089F9DB5051' = {
			isa = PBXGroup;
			children = (
				3089F9DB1034,
				3089F9DB1032,
				3089F9DB1016,
			);
			path = Storage;
			sourceTree = "<group>";
		};
		'3089F9DB5052' = {
			isa = PBXGroup;
			children = (
				3089F9DB1029,
				3089F9DB1018,
				3089F9DB1073,
			);
			path = Attestation;
			sourceTree = "<group>";
		};
		'3089F9DB5053' = {
			isa = PBXGroup;
			children = (
				3089F9DB1020,
				'3089F9DB1089',
				3089F9DB1064,
				3089F9DB1068,
				3089F9DB1023,
				3089F9DB1027,
				3089F9DB1062,
				3089F9DB1076,
				3089F9DB1079,
				3089F9DB1086,
			);
			path = Capture;
			sourceTree = "<group>";
		};
		'3089F9DB5054' = {
			isa = PBXGroup;
			children = (
				3089F9DB1047,
				3089F9DB1043,
			);
			path = Networking;
			sourceTree = "<group>";
		};
/* End PBXGroup section */

/* Begin PBXNativeTarget section */
		'3089F9DB3001' = {
			isa = PBXNativeTarget;
			buildConfigurationList = 3089F9DB6001;
			buildPhases = (
				3089F9DB7001,
				3089F9DB4001,
				3089F9DB8001,
			);
			buildRules = (
			);
			dependencies = (
			);
			name = Rial;
			productName = Rial;
			productReference = 3089F9DB1008;
			productType = "com.apple.product-type.application";
		};
		'3089F9DB3002' = {
			isa = PBXNativeTarget;
			buildConfigurationList = 3089F9DB6002;
			buildPhases = (
				3089F9DB7002,
				3089F9DB4002,
				3089F9DB8002,
			);
			buildRules = (
			);
			dependencies = (
				3089F9DB9001,
			);
			name = RialTests;
			productName = RialTests;
			productReference = 3089F9DB1009;
			productType = "com.apple.product-type.bundle.unit-test";
		};
		'3089F9DB3003' = {
			isa = PBXNativeTarget;
			buildConfigurationList = 3089F9DB6003;
			buildPhases = (
				3089F9DB7003,
				3089F9DB4003,
				3089F9DB8003,
			);
			buildRules = (
			);
			dependencies = (
				3089F9DB9002,
			);
			name = RialUITests;
			productName = RialUITests;
			productReference = 3089F9DB1010;
			productType = "com.apple.product-type.bundle.ui-testing";
		};
/* End PBXNativeTarget section */

/* Begin PBXProject section */
		'3089F9DB0000' = {
			isa = PBXProject;
			attributes = {
				BuildIndependentTargetsInParallel = 1;
				LastSwiftUpdateCheck = 1600;
				LastUpgradeCheck = 1600;
				TargetAttributes = {
					3089F9DB3001 = {
						CreatedOnToolsVersion = 16.0;
					};
					3089F9DB3002 = {
						CreatedOnToolsVersion = 16.0;
						TestTargetID = 3089F9DB3001;
					};
					3089F9DB3003 = {
						CreatedOnToolsVersion = 16.0;
						TestTargetID = 3089F9DB3001;
					};
				};
			};
			buildConfigurationList = 3089F9DBA000;
			compatibilityVersion = "Xcode 14.0";
			developmentRegion = en;
			hasScannedForEncodings = 0;
			knownRegions = (
				en,
				Base,
			);
			mainGroup = 3089F9DB5000;
			productRefGroup = 3089F9DB5020;
			projectDirPath = "";
			projectRoot = "";
			targets = (
				3089F9DB3001,
				3089F9DB3002,
				3089F9DB3003,
			);
		};
/* End PBXProject section */

/* Begin PBXResourcesBuildPhase section */
		'3089F9DB8001' = {
			isa = PBXResourcesBuildPhase;
			buildActionMask = 2147483647;
			files = (
				3089F9DB0004,
			);
			runOnlyForDeploymentPostprocessing = 0;
		};
		'3089F9DB8002' = {
			isa = PBXResourcesBuildPhase;
			buildActionMask = 2147483647;
			files = (
			);
			runOnlyForDeploymentPostprocessing = 0;
		};
		'3089F9DB8003' = {
			isa = PBXResourcesBuildPhase;
			buildActionMask = 2147483647;
			files = (
			);
			runOnlyForDeploymentPostprocessing = 0;
		};
/* End PBXResourcesBuildPhase section */

/* Begin PBXSourcesBuildPhase section */
		'3089F9DB7001' = {
			isa = PBXSourcesBuildPhase;
			buildActionMask = 2147483647;
			files = (
				3089F9DB0001,
				3089F9DB0002,
				3089F9DB0003,
				3089F9DB0008,
				3089F9DB0010,
				3089F9DB0012,
				3089F9DB0014,
				3089F9DB0016,
				3089F9DB0017,
				3089F9DB0019,
				3089F9DB0020,
				3089F9DB0021,
				3089F9DB0023,
				3089F9DB0025,
				3089F9DB0026,
				3089F9DB0028,
				3089F9DB0030,
				3089F9DB0034,
				3089F9DB0031,
				3089F9DB0036,
				3089F9DB0035,
				3089F9DB0032,
				3089F9DB0038,
				3089F9DB0039,
				3089F9DB003A,
				3089F9DB003B,
				3089F9DB003C,
				3089F9DB003D,
				3089F9DB003E,
				3089F9DB003F,
				3089F9DB0040,
				3089F9DB0041,
				3089F9DB0042,
				3089F9DB0043,
				4ACD4DC8A3C7953EECB9CFF5 /* AppEnvironment.swift in Sources */,
				3089F9DB0045,
				3089F9DB0047,
				3089F9DB0049,
				3089F9DB004A,
				3089F9DB004B,
				3089F9DB004D,
				3089F9DB004F,
				3089F9DB0050,
				3089F9DB0052,
				3089F9DB0053,
				3089F9DB0055,
				3089F9DB0056,
				3089F9DB0058,
				3089F9DB0059,
				3089F9DB005A,
				3089F9DB005B,
				3089F9DB005C,
				3089F9DB005D,
				'3089F9DB005F',
				'3089F9DB0060',
				'3089F9DB0062',
				'3089F9DB0063',
				'3089F9DB0064',
				'3089F9DB0065',
				'3089F9DB0066',
			);
			runOnlyForDeploymentPostprocessing = 0;
		};
		'3089F9DB7002' = {
			isa = PBXSourcesBuildPhase;
			buildActionMask = 2147483647;
			files = (
				3089F9DB0005,
				3089F9DB0009,
				3089F9DB0011,
				3089F9DB0013,
				3089F9DB0015,
				3089F9DB0018,
				3089F9DB0022,
				3089F9DB0024,
				3089F9DB0027,
				3089F9DB0029,
				3089F9DB0037,
				3089F9DB0033,
				3089F9DB0046,
				3089F9DB0048,
				3089F9DB004C,
				3089F9DB004E,
				3089F9DB0051,
				3089F9DB0054,
				3089F9DB0057,
				3089F9DB005E,
				'3089F9DB0061',
				'3089F9DB0067',
				'3089F9DB0068',
			);
			runOnlyForDeploymentPostprocessing = 0;
		};
		'3089F9DB7003' = {
			isa = PBXSourcesBuildPhase;
			buildActionMask = 2147483647;
			files = (
				3089F9DB0006,
				3089F9DB0007,
				3089F9DB0044,
			);
			runOnlyForDeploymentPostprocessing = 0;
		};
/* End PBXSourcesBuildPhase section */

/* Begin PBXTargetDependency section */
		'3089F9DB9001' = {
			isa = PBXTargetDependency;
			target = 3089F9DB3001;
			targetProxy = 3089F9DB2001;
		};
		'3089F9DB9002' = {
			isa = PBXTargetDependency;
			target = 3089F9DB3001;
			targetProxy = 3089F9DB2002;
		};
/* End PBXTargetDependency section */

/* Begin XCBuildConfiguration section */
		'3089F9DBA001' = {
			isa = XCBuildConfiguration;
			buildSettings = {
				ALWAYS_SEARCH_USER_PATHS = NO;
				ASSETCATALOG_COMPILER_GENERATE_SWIFT_ASSET_SYMBOL_EXTENSIONS = YES;
				CLANG_ANALYZER_NONNULL = YES;
				CLANG_ANALYZER_NUMBER_OBJECT_CONVERSION = YES_AGGRESSIVE;
				CLANG_CXX_LANGUAGE_STANDARD = "gnu++20";
				CLANG_ENABLE_MODULES = YES;
				CLANG_ENABLE_OBJC_ARC = YES;
				CLANG_ENABLE_OBJC_WEAK = YES;
				CLANG_WARN_BLOCK_CAPTURE_AUTORELEASING = YES;
				CLANG_WARN_BOOL_CONVERSION = YES;
				CLANG_WARN_COMMA = YES;
				CLANG_WARN_CONSTANT_CONVERSION = YES;
				CLANG_WARN_DEPRECATED_OBJC_IMPLEMENTATIONS = YES;
				CLANG_WARN_DIRECT_OBJC_ISA_USAGE = YES_ERROR;
				CLANG_WARN_DOCUMENTATION_COMMENTS = YES;
				CLANG_WARN_EMPTY_BODY = YES;
				CLANG_WARN_ENUM_CONVERSION = YES;
				CLANG_WARN_INFINITE_RECURSION = YES;
				CLANG_WARN_INT_CONVERSION = YES;
				CLANG_WARN_NON_LITERAL_NULL_CONVERSION = YES;
				CLANG_WARN_OBJC_IMPLICIT_RETAIN_SELF = YES;
				CLANG_WARN_OBJC_LITERAL_CONVERSION = YES;
				CLANG_WARN_OBJC_ROOT_CLASS = YES_ERROR;
				CLANG_WARN_QUOTED_INCLUDE_IN_FRAMEWORK_HEADER = YES;
				CLANG_WARN_RANGE_LOOP_ANALYSIS = YES;
				CLANG_WARN_STRICT_PROTOTYPES = YES;
				CLANG_WARN_SUSPICIOUS_MOVE = YES;
				CLANG_WARN_UNGUARDED_AVAILABILITY = YES_AGGRESSIVE;
				CLANG_WARN_UNREACHABLE_CODE = YES;
				CLANG_WARN__DUPLICATE_METHOD_MATCH = YES;
				COPY_PHASE_STRIP = NO;
				DEBUG_INFORMATION_FORMAT = dwarf;
				ENABLE_STRICT_OBJC_MSGSEND = YES;
				ENABLE_TESTABILITY = YES;
				ENABLE_USER_SCRIPT_SANDBOXING = YES;
				GCC_C_LANGUAGE_STANDARD = gnu17;
				GCC_DYNAMIC_NO_PIC = NO;
				GCC_NO_COMMON_BLOCKS = YES;
				GCC_OPTIMIZATION_LEVEL = 0;
				GCC_PREPROCESSOR_DEFINITIONS = (
					"DEBUG=1",
					"$(inherited)",
				);
				GCC_WARN_64_TO_32_BIT_CONVERSION = YES;
				GCC_WARN_ABOUT_RETURN_TYPE = YES_ERROR;
				GCC_WARN_UNDECLARED_SELECTOR = YES;
				GCC_WARN_UNINITIALIZED_AUTOS = YES_AGGRESSIVE;
				GCC_WARN_UNUSED_FUNCTION = YES;
				GCC_WARN_UNUSED_VARIABLE = YES;
				IPHONEOS_DEPLOYMENT_TARGET = 15.0;
				LOCALIZATION_PREFERS_STRING_CATALOGS = YES;
				MTL_ENABLE_DEBUG_INFO = INCLUDE_SOURCE;
				MTL_FAST_MATH = YES;
				ONLY_ACTIVE_ARCH = YES;
				SDKROOT = iphoneos;
				SWIFT_ACTIVE_COMPILATION_CONDITIONS = "DEBUG $(inherited)";
				SWIFT_OPTIMIZATION_LEVEL = "-Onone";
				SWIFT_VERSION = 5.0;
			};
			name = Debug;
		};
		'3089F9DBA002' = {
			isa = XCBuildConfiguration;
			buildSettings = {
				ALWAYS_SEARCH_USER_PATHS = NO;
				ASSETCATALOG_COMPILER_GENERATE_SWIFT_ASSET_SYMBOL_EXTENSIONS = YES;
				CLANG_ANALYZER_NONNULL = YES;
				CLANG_ANALYZER_NUMBER_OBJECT_CONVERSION = YES_AGGRESSIVE;
				CLANG_CXX_LANGUAGE_STANDARD = "gnu++20";
				CLANG_ENABLE_MODULES = YES;
				CLANG_ENABLE_OBJC_ARC = YES;
				CLANG_ENABLE_OBJC_WEAK = YES;
				CLANG_WARN_BLOCK_CAPTURE_AUTORELEASING = YES;
				CLANG_WARN_BOOL_CONVERSION = YES;
				CLANG_WARN_COMMA = YES;
				CLANG_WARN_CONSTANT_CONVERSION = YES;
				CLANG_WARN_DEPRECATED_OBJC_IMPLEMENTATIONS = YES;
				CLANG_WARN_DIRECT_OBJC_ISA_USAGE = YES_ERROR;
				CLANG_WARN_DOCUMENTATION_COMMENTS = YES;
				CLANG_WARN_EMPTY_BODY = YES;
				CLANG_WARN_ENUM_CONVERSION = YES;
				CLANG_WARN_INFINITE_RECURSION = YES;
				CLANG_WARN_INT_CONVERSION = YES;
				CLANG_WARN_NON_LITERAL_NULL_CONVERSION = YES;
				CLANG_WARN_OBJC_IMPLICIT_RETAIN_SELF = YES;
				CLANG_WARN_OBJC_LITERAL_CONVERSION = YES;
				CLANG_WARN_OBJC_ROOT_CLASS = YES_ERROR;
				CLANG_WARN_QUOTED_INCLUDE_IN_FRAMEWORK_HEADER = YES;
				CLANG_WARN_RANGE_LOOP_ANALYSIS = YES;
				CLANG_WARN_STRICT_PROTOTYPES = YES;
				CLANG_WARN_SUSPICIOUS_MOVE = YES;
				CLANG_WARN_UNGUARDED_AVAILABILITY = YES_AGGRESSIVE;
				CLANG_WARN_UNREACHABLE_CODE = YES;
				CLANG_WARN__DUPLICATE_METHOD_MATCH = YES;
				COPY_PHASE_STRIP = NO;
				DEBUG_INFORMATION_FORMAT = "dwarf-with-dsym";
				ENABLE_NS_ASSERTIONS = NO;
				ENABLE_STRICT_OBJC_MSGSEND = YES;
				ENABLE_USER_SCRIPT_SANDBOXING = YES;
				GCC_C_LANGUAGE_STANDARD = gnu17;
				GCC_NO_COMMON_BLOCKS = YES;
				GCC_WARN_64_TO_32_BIT_CONVERSION = YES;
				GCC_WARN_ABOUT_RETURN_TYPE = YES_ERROR;
				GCC_WARN_UNDECLARED_SELECTOR = YES;
				GCC_WARN_UNINITIALIZED_AUTOS = YES_AGGRESSIVE;
				GCC_WARN_UNUSED_FUNCTION = YES;
				GCC_WARN_UNUSED_VARIABLE = YES;
				IPHONEOS_DEPLOYMENT_TARGET = 15.0;
				LOCALIZATION_PREFERS_STRING_CATALOGS = YES;
				MTL_ENABLE_DEBUG_INFO = NO;
				MTL_FAST_MATH = YES;
				SDKROOT = iphoneos;
				SWIFT_COMPILATION_MODE = wholemodule;
				SWIFT_VERSION = 5.0;
				VALIDATE_PRODUCT = YES;
			};
			name = Release;
		};
		'3089F9DBB001' = {
			isa = XCBuildConfiguration;
			buildSettings = {
				ASSETCATALOG_COMPILER_APPICON_NAME = AppIcon;
				ASSETCATALOG_COMPILER_GLOBAL_ACCENT_COLOR_NAME = AccentColor;
				CODE_SIGN_ENTITLEMENTS = Rial/Rial.entitlements;
				CODE_SIGN_STYLE = Automatic;
				CURRENT_PROJECT_VERSION = 1;
				DEVELOPMENT_TEAM = "";
				ENABLE_PREVIEWS = YES;
				GENERATE_INFOPLIST_FILE = NO;
				INFOPLIST_FILE = Rial/Info.plist;
				INFOPLIST_KEY_CFBundleDisplayName = Rial;
				INFOPLIST_KEY_LSRequiresIPhoneOS = YES;
				INFOPLIST_KEY_UIApplicationSceneManifest_Generation = YES;
				INFOPLIST_KEY_UIApplicationSupportsIndirectInputEvents = YES;
				INFOPLIST_KEY_UILaunchScreen_Generation = YES;
				INFOPLIST_KEY_UISupportedInterfaceOrientations_iPad = "UIInterfaceOrientationPortrait UIInterfaceOrientationPortraitUpsideDown UIInterfaceOrientationLandscapeLeft UIInterfaceOrientationLandscapeRight";
				INFOPLIST_KEY_UISupportedInterfaceOrientations_iPhone = "UIInterfaceOrientationPortrait UIInterfaceOrientationLandscapeLeft UIInterfaceOrientationLandscapeRight";
				LD_RUNPATH_SEARCH_PATHS = (
					"$(inherited)",
					"@executable_path/Frameworks",
				);
				MARKETING_VERSION = 1.0;
				PRODUCT_BUNDLE_IDENTIFIER = app.rial.ios;
				PRODUCT_NAME = "$(TARGET_NAME)";
				SUPPORTED_PLATFORMS = "iphoneos iphonesimulator";
				SUPPORTS_MACCATALYST = NO;
				SUPPORTS_MAC_DESIGNED_FOR_IPHONE_IPAD = NO;
				SUPPORTS_XR_DESIGNED_FOR_IPHONE_IPAD = NO;
				SWIFT_EMIT_LOC_STRINGS = YES;
				SWIFT_VERSION = 5.0;
				TARGETED_DEVICE_FAMILY = 1;
			};
			name = Debug;
		};
		'3089F9DBB002' = {
			isa = XCBuildConfiguration;
			buildSettings = {
				ASSETCATALOG_COMPILER_APPICON_NAME = AppIcon;
				ASSETCATALOG_COMPILER_GLOBAL_ACCENT_COLOR_NAME = AccentColor;
				CODE_SIGN_ENTITLEMENTS = Rial/Rial.entitlements;
				CODE_SIGN_STYLE = Automatic;
				CURRENT_PROJECT_VERSION = 1;
				DEVELOPMENT_TEAM = "";
				ENABLE_PREVIEWS = YES;
				GENERATE_INFOPLIST_FILE = NO;
				INFOPLIST_FILE = Rial/Info.plist;
				INFOPLIST_KEY_CFBundleDisplayName = Rial;
				INFOPLIST_KEY_LSRequiresIPhoneOS = YES;
				INFOPLIST_KEY_UIApplicationSceneManifest_Generation = YES;
				INFOPLIST_KEY_UIApplicationSupportsIndirectInputEvents = YES;
				INFOPLIST_KEY_UILaunchScreen_Generation = YES;
				INFOPLIST_KEY_UISupportedInterfaceOrientations_iPad = "UIInterfaceOrientationPortrait UIInterfaceOrientationPortraitUpsideDown UIInterfaceOrientationLandscapeLeft UIInterfaceOrientationLandscapeRight";
				INFOPLIST_KEY_UISupportedInterfaceOrientations_iPhone = "UIInterfaceOrientationPortrait UIInterfaceOrientationLandscapeLeft UIInterfaceOrientationLandscapeRight";
				LD_RUNPATH_SEARCH_PATHS = (
					"$(inherited)",
					"@executable_path/Frameworks",
				);
				MARKETING_VERSION = 1.0;
				PRODUCT_BUNDLE_IDENTIFIER = app.rial.ios;
				PRODUCT_NAME = "$(TARGET_NAME)";
				SUPPORTED_PLATFORMS = "iphoneos iphonesimulator";
				SUPPORTS_MACCATALYST = NO;
				SUPPORTS_MAC_DESIGNED_FOR_IPHONE_IPAD = NO;
				SUPPORTS_XR_DESIGNED_FOR_IPHONE_IPAD = NO;
				SWIFT_EMIT_LOC_STRINGS = YES;
				SWIFT_VERSION = 5.0;
				TARGETED_DEVICE_FAMILY = 1;
			};
			name = Release;
		};
		'3089F9DBC001' = {
			isa = XCBuildConfiguration;
			buildSettings = {
				BUNDLE_LOADER = "$(TEST_HOST)";
				CODE_SIGN_STYLE = Automatic;
				CURRENT_PROJECT_VERSION = 1;
				DEVELOPMENT_TEAM = "";
				GENERATE_INFOPLIST_FILE = YES;
				IPHONEOS_DEPLOYMENT_TARGET = 15.0;
				MARKETING_VERSION = 1.0;
				PRODUCT_BUNDLE_IDENTIFIER = app.rial.ios.tests;
				PRODUCT_NAME = "$(TARGET_NAME)";
				SWIFT_EMIT_LOC_STRINGS = NO;
				SWIFT_VERSION = 5.0;
				TARGETED_DEVICE_FAMILY = "1,2";
				TEST_HOST = "$(BUILT_PRODUCTS_DIR)/Rial.app/$(BUNDLE_EXECUTABLE_FOLDER_PATH)/Rial";
			};
			name = Debug;
		};
		'3089F9DBC002' = {
			isa = XCBuildConfiguration;
			buildSettings = {
				BUNDLE_LOADER = "$(TEST_HOST)";
				CODE_SIGN_STYLE = Automatic;
				CURRENT_PROJECT_VERSION = 1;
				DEVELOPMENT_TEAM = "";
				GENERATE_INFOPLIST_FILE = YES;
				IPHONEOS_DEPLOYMENT_TARGET = 15.0;
				MARKETING_VERSION = 1.0;
				PRODUCT_BUNDLE_IDENTIFIER = app.rial.ios.tests;
				PRODUCT_NAME = "$(TARGET_NAME)";
				SWIFT_EMIT_LOC_STRINGS = NO;
				SWIFT_VERSION = 5.0;
				TARGETED_DEVICE_FAMILY = "1,2";
				TEST_HOST = "$(BUILT_PRODUCTS_DIR)/Rial.app/$(BUNDLE_EXECUTABLE_FOLDER_PATH)/Rial";
			};
			name = Release;
		};
		'3089F9DBD001' = {
			isa = XCBuildConfiguration;
			buildSettings = {
				CODE_SIGN_STYLE = Automatic;
				CURRENT_PROJECT_VERSION = 1;
				DEVELOPMENT_TEAM = "";
				GENERATE_INFOPLIST_FILE = YES;
				IPHONEOS_DEPLOYMENT_TARGET = 15.0;
				MARKETING_VERSION = 1.0;
				PRODUCT_BUNDLE_IDENTIFIER = app.rial.ios.uitests;
				PRODUCT_NAME = "$(TARGET_NAME)";
				SWIFT_EMIT_LOC_STRINGS = NO;
				SWIFT_VERSION = 5.0;
				TARGETED_DEVICE_FAMILY = "1,2";
				TEST_TARGET_NAME = Rial;
			};
			name = Debug;
		};
		'3089F9DBD002' = {
			isa = XCBuildConfiguration;
			buildSettings = {
				CODE_SIGN_STYLE = Automatic;
				CURRENT_PROJECT_VERSION = 1;
				DEVELOPMENT_TEAM = "";
				GENERATE_INFOPLIST_FILE = YES;
				IPHONEOS_DEPLOYMENT_TARGET = 15.0;
				MARKETING_VERSION = 1.0;
				PRODUCT_BUNDLE_IDENTIFIER = app.rial.ios.uitests;
				PRODUCT_NAME = "$(TARGET_NAME)";
				SWIFT_EMIT_LOC_STRINGS = NO;
				SWIFT_VERSION = 5.0;
				TARGETED_DEVICE_FAMILY = "1,2";
				TEST_TARGET_NAME = Rial;
			};
			name = Release;
		};
/* End XCBuildConfiguration section */

/* Begin XCConfigurationList section */
		'3089F9DB6001' = {
			isa = XCConfigurationList;
			buildConfigurations = (
				3089F9DBB001,
				3089F9DBB002,
			);
			defaultConfigurationIsVisible = 0;
			defaultConfigurationName = Release;
		};
		'3089F9DB6002' = {
			isa = XCConfigurationList;
			buildConfigurations = (
				3089F9DBC001,
				3089F9DBC002,
			);
			defaultConfigurationIsVisible = 0;
			defaultConfigurationName = Release;
		};
		'3089F9DB6003' = {
			isa = XCConfigurationList;
			buildConfigurations = (
				3089F9DBD001,
				3089F9DBD002,
			);
			defaultConfigurationIsVisible = 0;
			defaultConfigurationName = Release;
		};
		'3089F9DBA000' = {
			isa = XCConfigurationList;
			buildConfigurations = (
				3089F9DBA001,
				3089F9DBA002,
			);
			defaultConfigurationIsVisible = 0;
			defaultConfigurationName = Release;
		};
/* End XCConfigurationList section */
	};
	rootObject = 3089F9DB0000;
}
